
Microsoft Visual Studio Solution File, Format Version 12.00
# Visual Studio 15
VisualStudioVersion = 15.0.28010.2026
MinimumVisualStudioVersion = 10.0.40219.1
Project("{FAE04EC0-301F-11D3-BF4B-00C04F79EFBC}") = "Peoples.Wackend", "Peoples.Wackend\Peoples.Wackend.csproj", "{6C8E24F5-F4EA-4A44-8258-132967A844D8}"
EndProject
Global
	GlobalSection(SolutionConfigurationPlatforms) = preSolution
		Debug|Any CPU = Debug|Any CPU
		Release|Any CPU = Release|Any CPU
	EndGlobalSection
	GlobalSection(ProjectConfigurationPlatforms) = postSolution
		{6C8E24F5-F4EA-4A44-8258-132967A844D8}.Debug|Any CPU.ActiveCfg = Debug|Any CPU
		{6C8E24F5-F4EA-4A44-8258-132967A844D8}.Debug|Any CPU.Build.0 = Debug|Any CPU
		{6C8E24F5-F4EA-4A44-8258-132967A844D8}.Release|Any CPU.ActiveCfg = Release|Any CPU
		{6C8E24F5-F4EA-4A44-8258-132967A844D8}.Release|Any CPU.Build.0 = Release|Any CPU
	EndGlobalSection
	GlobalSection(SolutionProperties) = preSolution
		HideSolutionNode = FALSE
	EndGlobalSection
	GlobalSection(ExtensibilityGlobals) = postSolution
		SolutionGuid = {1147F91C-CE8E-49C1-A506-C2F23E8E006A}
	EndGlobalSection
EndGlobal
