
Microsoft Visual Studio Solution File, Format Version 12.00
# Visual Studio 15
VisualStudioVersion = 15.0.28010.2026
MinimumVisualStudioVersion = 10.0.40219.1
Project("{FAE04EC0-301F-11D3-BF4B-00C04F79EFBC}") = "Peoples.Wackend", "Peoples.Wackend\Peoples.Wackend.csproj", "{6C8E24F5-F4EA-4A44-8258-132967A844D8}"
EndProject
Project("{FAE04EC0-301F-11D3-BF4B-00C04F79EFBC}") = "PeoplesMobile.Android", "PeoplesMobile\PeoplesMobile.Android\PeoplesMobile.Android.csproj", "{E3E69255-E243-44B7-A587-97CD05B1A378}"
EndProject
Project("{FAE04EC0-301F-11D3-BF4B-00C04F79EFBC}") = "PeoplesMobile.iOS", "PeoplesMobile\PeoplesMobile.iOS\PeoplesMobile.iOS.csproj", "{76065520-92CD-49D7-9D65-1A4B8959428A}"
EndProject
Project("{FAE04EC0-301F-11D3-BF4B-00C04F79EFBC}") = "PeoplesMobile.UWP", "PeoplesMobile\PeoplesMobile.UWP\PeoplesMobile.UWP.csproj", "{492C0931-3455-4CB0-8BAC-387BCE093DCC}"
EndProject
Project("{FAE04EC0-301F-11D3-BF4B-00C04F79EFBC}") = "PeoplesMobile", "PeoplesMobile\PeoplesMobile\PeoplesMobile.csproj", "{4F2E50D0-5E66-4F1B-AE45-D7FE8B44D2F1}"
EndProject
Global
	GlobalSection(SolutionConfigurationPlatforms) = preSolution
		Ad-Hoc|Any CPU = Ad-Hoc|Any CPU
		Ad-Hoc|ARM = Ad-Hoc|ARM
		Ad-Hoc|iPhone = Ad-Hoc|iPhone
		Ad-Hoc|iPhoneSimulator = Ad-Hoc|iPhoneSimulator
		Ad-Hoc|x64 = Ad-Hoc|x64
		Ad-Hoc|x86 = Ad-Hoc|x86
		AppStore|Any CPU = AppStore|Any CPU
		AppStore|ARM = AppStore|ARM
		AppStore|iPhone = AppStore|iPhone
		AppStore|iPhoneSimulator = AppStore|iPhoneSimulator
		AppStore|x64 = AppStore|x64
		AppStore|x86 = AppStore|x86
		Debug|Any CPU = Debug|Any CPU
		Debug|ARM = Debug|ARM
		Debug|iPhone = Debug|iPhone
		Debug|iPhoneSimulator = Debug|iPhoneSimulator
		Debug|x64 = Debug|x64
		Debug|x86 = Debug|x86
		Release|Any CPU = Release|Any CPU
		Release|ARM = Release|ARM
		Release|iPhone = Release|iPhone
		Release|iPhoneSimulator = Release|iPhoneSimulator
		Release|x64 = Release|x64
		Release|x86 = Release|x86
	EndGlobalSection
	GlobalSection(ProjectConfigurationPlatforms) = postSolution
		{6C8E24F5-F4EA-4A44-8258-132967A844D8}.Ad-Hoc|Any CPU.ActiveCfg = Release|Any CPU
		{6C8E24F5-F4EA-4A44-8258-132967A844D8}.Ad-Hoc|Any CPU.Build.0 = Release|Any CPU
		{6C8E24F5-F4EA-4A44-8258-132967A844D8}.Ad-Hoc|ARM.ActiveCfg = Release|Any CPU
		{6C8E24F5-F4EA-4A44-8258-132967A844D8}.Ad-Hoc|ARM.Build.0 = Release|Any CPU
		{6C8E24F5-F4EA-4A44-8258-132967A844D8}.Ad-Hoc|iPhone.ActiveCfg = Release|Any CPU
		{6C8E24F5-F4EA-4A44-8258-132967A844D8}.Ad-Hoc|iPhone.Build.0 = Release|Any CPU
		{6C8E24F5-F4EA-4A44-8258-132967A844D8}.Ad-Hoc|iPhoneSimulator.ActiveCfg = Release|Any CPU
		{6C8E24F5-F4EA-4A44-8258-132967A844D8}.Ad-Hoc|iPhoneSimulator.Build.0 = Release|Any CPU
		{6C8E24F5-F4EA-4A44-8258-132967A844D8}.Ad-Hoc|x64.ActiveCfg = Release|Any CPU
		{6C8E24F5-F4EA-4A44-8258-132967A844D8}.Ad-Hoc|x64.Build.0 = Release|Any CPU
		{6C8E24F5-F4EA-4A44-8258-132967A844D8}.Ad-Hoc|x86.ActiveCfg = Release|Any CPU
		{6C8E24F5-F4EA-4A44-8258-132967A844D8}.Ad-Hoc|x86.Build.0 = Release|Any CPU
		{6C8E24F5-F4EA-4A44-8258-132967A844D8}.AppStore|Any CPU.ActiveCfg = Release|Any CPU
		{6C8E24F5-F4EA-4A44-8258-132967A844D8}.AppStore|Any CPU.Build.0 = Release|Any CPU
		{6C8E24F5-F4EA-4A44-8258-132967A844D8}.AppStore|ARM.ActiveCfg = Release|Any CPU
		{6C8E24F5-F4EA-4A44-8258-132967A844D8}.AppStore|ARM.Build.0 = Release|Any CPU
		{6C8E24F5-F4EA-4A44-8258-132967A844D8}.AppStore|iPhone.ActiveCfg = Release|Any CPU
		{6C8E24F5-F4EA-4A44-8258-132967A844D8}.AppStore|iPhone.Build.0 = Release|Any CPU
		{6C8E24F5-F4EA-4A44-8258-132967A844D8}.AppStore|iPhoneSimulator.ActiveCfg = Release|Any CPU
		{6C8E24F5-F4EA-4A44-8258-132967A844D8}.AppStore|iPhoneSimulator.Build.0 = Release|Any CPU
		{6C8E24F5-F4EA-4A44-8258-132967A844D8}.AppStore|x64.ActiveCfg = Release|Any CPU
		{6C8E24F5-F4EA-4A44-8258-132967A844D8}.AppStore|x64.Build.0 = Release|Any CPU
		{6C8E24F5-F4EA-4A44-8258-132967A844D8}.AppStore|x86.ActiveCfg = Release|Any CPU
		{6C8E24F5-F4EA-4A44-8258-132967A844D8}.AppStore|x86.Build.0 = Release|Any CPU
		{6C8E24F5-F4EA-4A44-8258-132967A844D8}.Debug|Any CPU.ActiveCfg = Debug|Any CPU
		{6C8E24F5-F4EA-4A44-8258-132967A844D8}.Debug|Any CPU.Build.0 = Debug|Any CPU
		{6C8E24F5-F4EA-4A44-8258-132967A844D8}.Debug|ARM.ActiveCfg = Debug|Any CPU
		{6C8E24F5-F4EA-4A44-8258-132967A844D8}.Debug|ARM.Build.0 = Debug|Any CPU
		{6C8E24F5-F4EA-4A44-8258-132967A844D8}.Debug|iPhone.ActiveCfg = Debug|Any CPU
		{6C8E24F5-F4EA-4A44-8258-132967A844D8}.Debug|iPhone.Build.0 = Debug|Any CPU
		{6C8E24F5-F4EA-4A44-8258-132967A844D8}.Debug|iPhoneSimulator.ActiveCfg = Debug|Any CPU
		{6C8E24F5-F4EA-4A44-8258-132967A844D8}.Debug|iPhoneSimulator.Build.0 = Debug|Any CPU
		{6C8E24F5-F4EA-4A44-8258-132967A844D8}.Debug|x64.ActiveCfg = Debug|Any CPU
		{6C8E24F5-F4EA-4A44-8258-132967A844D8}.Debug|x64.Build.0 = Debug|Any CPU
		{6C8E24F5-F4EA-4A44-8258-132967A844D8}.Debug|x86.ActiveCfg = Debug|Any CPU
		{6C8E24F5-F4EA-4A44-8258-132967A844D8}.Debug|x86.Build.0 = Debug|Any CPU
		{6C8E24F5-F4EA-4A44-8258-132967A844D8}.Release|Any CPU.ActiveCfg = Release|Any CPU
		{6C8E24F5-F4EA-4A44-8258-132967A844D8}.Release|Any CPU.Build.0 = Release|Any CPU
		{6C8E24F5-F4EA-4A44-8258-132967A844D8}.Release|ARM.ActiveCfg = Release|Any CPU
		{6C8E24F5-F4EA-4A44-8258-132967A844D8}.Release|ARM.Build.0 = Release|Any CPU
		{6C8E24F5-F4EA-4A44-8258-132967A844D8}.Release|iPhone.ActiveCfg = Release|Any CPU
		{6C8E24F5-F4EA-4A44-8258-132967A844D8}.Release|iPhone.Build.0 = Release|Any CPU
		{6C8E24F5-F4EA-4A44-8258-132967A844D8}.Release|iPhoneSimulator.ActiveCfg = Release|Any CPU
		{6C8E24F5-F4EA-4A44-8258-132967A844D8}.Release|iPhoneSimulator.Build.0 = Release|Any CPU
		{6C8E24F5-F4EA-4A44-8258-132967A844D8}.Release|x64.ActiveCfg = Release|Any CPU
		{6C8E24F5-F4EA-4A44-8258-132967A844D8}.Release|x64.Build.0 = Release|Any CPU
		{6C8E24F5-F4EA-4A44-8258-132967A844D8}.Release|x86.ActiveCfg = Release|Any CPU
		{6C8E24F5-F4EA-4A44-8258-132967A844D8}.Release|x86.Build.0 = Release|Any CPU
		{E3E69255-E243-44B7-A587-97CD05B1A378}.Ad-Hoc|Any CPU.ActiveCfg = Release|Any CPU
		{E3E69255-E243-44B7-A587-97CD05B1A378}.Ad-Hoc|Any CPU.Build.0 = Release|Any CPU
		{E3E69255-E243-44B7-A587-97CD05B1A378}.Ad-Hoc|Any CPU.Deploy.0 = Release|Any CPU
		{E3E69255-E243-44B7-A587-97CD05B1A378}.Ad-Hoc|ARM.ActiveCfg = Release|Any CPU
		{E3E69255-E243-44B7-A587-97CD05B1A378}.Ad-Hoc|ARM.Build.0 = Release|Any CPU
		{E3E69255-E243-44B7-A587-97CD05B1A378}.Ad-Hoc|ARM.Deploy.0 = Release|Any CPU
		{E3E69255-E243-44B7-A587-97CD05B1A378}.Ad-Hoc|iPhone.ActiveCfg = Release|Any CPU
		{E3E69255-E243-44B7-A587-97CD05B1A378}.Ad-Hoc|iPhone.Build.0 = Release|Any CPU
		{E3E69255-E243-44B7-A587-97CD05B1A378}.Ad-Hoc|iPhone.Deploy.0 = Release|Any CPU
		{E3E69255-E243-44B7-A587-97CD05B1A378}.Ad-Hoc|iPhoneSimulator.ActiveCfg = Release|Any CPU
		{E3E69255-E243-44B7-A587-97CD05B1A378}.Ad-Hoc|iPhoneSimulator.Build.0 = Release|Any CPU
		{E3E69255-E243-44B7-A587-97CD05B1A378}.Ad-Hoc|iPhoneSimulator.Deploy.0 = Release|Any CPU
		{E3E69255-E243-44B7-A587-97CD05B1A378}.Ad-Hoc|x64.ActiveCfg = Release|Any CPU
		{E3E69255-E243-44B7-A587-97CD05B1A378}.Ad-Hoc|x64.Build.0 = Release|Any CPU
		{E3E69255-E243-44B7-A587-97CD05B1A378}.Ad-Hoc|x64.Deploy.0 = Release|Any CPU
		{E3E69255-E243-44B7-A587-97CD05B1A378}.Ad-Hoc|x86.ActiveCfg = Release|Any CPU
		{E3E69255-E243-44B7-A587-97CD05B1A378}.Ad-Hoc|x86.Build.0 = Release|Any CPU
		{E3E69255-E243-44B7-A587-97CD05B1A378}.Ad-Hoc|x86.Deploy.0 = Release|Any CPU
		{E3E69255-E243-44B7-A587-97CD05B1A378}.AppStore|Any CPU.ActiveCfg = Release|Any CPU
		{E3E69255-E243-44B7-A587-97CD05B1A378}.AppStore|Any CPU.Build.0 = Release|Any CPU
		{E3E69255-E243-44B7-A587-97CD05B1A378}.AppStore|Any CPU.Deploy.0 = Release|Any CPU
		{E3E69255-E243-44B7-A587-97CD05B1A378}.AppStore|ARM.ActiveCfg = Release|Any CPU
		{E3E69255-E243-44B7-A587-97CD05B1A378}.AppStore|ARM.Build.0 = Release|Any CPU
		{E3E69255-E243-44B7-A587-97CD05B1A378}.AppStore|ARM.Deploy.0 = Release|Any CPU
		{E3E69255-E243-44B7-A587-97CD05B1A378}.AppStore|iPhone.ActiveCfg = Release|Any CPU
		{E3E69255-E243-44B7-A587-97CD05B1A378}.AppStore|iPhone.Build.0 = Release|Any CPU
		{E3E69255-E243-44B7-A587-97CD05B1A378}.AppStore|iPhone.Deploy.0 = Release|Any CPU
		{E3E69255-E243-44B7-A587-97CD05B1A378}.AppStore|iPhoneSimulator.ActiveCfg = Release|Any CPU
		{E3E69255-E243-44B7-A587-97CD05B1A378}.AppStore|iPhoneSimulator.Build.0 = Release|Any CPU
		{E3E69255-E243-44B7-A587-97CD05B1A378}.AppStore|iPhoneSimulator.Deploy.0 = Release|Any CPU
		{E3E69255-E243-44B7-A587-97CD05B1A378}.AppStore|x64.ActiveCfg = Release|Any CPU
		{E3E69255-E243-44B7-A587-97CD05B1A378}.AppStore|x64.Build.0 = Release|Any CPU
		{E3E69255-E243-44B7-A587-97CD05B1A378}.AppStore|x64.Deploy.0 = Release|Any CPU
		{E3E69255-E243-44B7-A587-97CD05B1A378}.AppStore|x86.ActiveCfg = Release|Any CPU
		{E3E69255-E243-44B7-A587-97CD05B1A378}.AppStore|x86.Build.0 = Release|Any CPU
		{E3E69255-E243-44B7-A587-97CD05B1A378}.AppStore|x86.Deploy.0 = Release|Any CPU
		{E3E69255-E243-44B7-A587-97CD05B1A378}.Debug|Any CPU.ActiveCfg = Debug|Any CPU
		{E3E69255-E243-44B7-A587-97CD05B1A378}.Debug|Any CPU.Build.0 = Debug|Any CPU
		{E3E69255-E243-44B7-A587-97CD05B1A378}.Debug|Any CPU.Deploy.0 = Debug|Any CPU
		{E3E69255-E243-44B7-A587-97CD05B1A378}.Debug|ARM.ActiveCfg = Debug|Any CPU
		{E3E69255-E243-44B7-A587-97CD05B1A378}.Debug|ARM.Build.0 = Debug|Any CPU
		{E3E69255-E243-44B7-A587-97CD05B1A378}.Debug|ARM.Deploy.0 = Debug|Any CPU
		{E3E69255-E243-44B7-A587-97CD05B1A378}.Debug|iPhone.ActiveCfg = Debug|Any CPU
		{E3E69255-E243-44B7-A587-97CD05B1A378}.Debug|iPhone.Build.0 = Debug|Any CPU
		{E3E69255-E243-44B7-A587-97CD05B1A378}.Debug|iPhone.Deploy.0 = Debug|Any CPU
		{E3E69255-E243-44B7-A587-97CD05B1A378}.Debug|iPhoneSimulator.ActiveCfg = Debug|Any CPU
		{E3E69255-E243-44B7-A587-97CD05B1A378}.Debug|iPhoneSimulator.Build.0 = Debug|Any CPU
		{E3E69255-E243-44B7-A587-97CD05B1A378}.Debug|iPhoneSimulator.Deploy.0 = Debug|Any CPU
		{E3E69255-E243-44B7-A587-97CD05B1A378}.Debug|x64.ActiveCfg = Debug|Any CPU
		{E3E69255-E243-44B7-A587-97CD05B1A378}.Debug|x64.Build.0 = Debug|Any CPU
		{E3E69255-E243-44B7-A587-97CD05B1A378}.Debug|x64.Deploy.0 = Debug|Any CPU
		{E3E69255-E243-44B7-A587-97CD05B1A378}.Debug|x86.ActiveCfg = Debug|Any CPU
		{E3E69255-E243-44B7-A587-97CD05B1A378}.Debug|x86.Build.0 = Debug|Any CPU
		{E3E69255-E243-44B7-A587-97CD05B1A378}.Debug|x86.Deploy.0 = Debug|Any CPU
		{E3E69255-E243-44B7-A587-97CD05B1A378}.Release|Any CPU.ActiveCfg = Release|Any CPU
		{E3E69255-E243-44B7-A587-97CD05B1A378}.Release|Any CPU.Build.0 = Release|Any CPU
		{E3E69255-E243-44B7-A587-97CD05B1A378}.Release|Any CPU.Deploy.0 = Release|Any CPU
		{E3E69255-E243-44B7-A587-97CD05B1A378}.Release|ARM.ActiveCfg = Release|Any CPU
		{E3E69255-E243-44B7-A587-97CD05B1A378}.Release|ARM.Build.0 = Release|Any CPU
		{E3E69255-E243-44B7-A587-97CD05B1A378}.Release|ARM.Deploy.0 = Release|Any CPU
		{E3E69255-E243-44B7-A587-97CD05B1A378}.Release|iPhone.ActiveCfg = Release|Any CPU
		{E3E69255-E243-44B7-A587-97CD05B1A378}.Release|iPhone.Build.0 = Release|Any CPU
		{E3E69255-E243-44B7-A587-97CD05B1A378}.Release|iPhone.Deploy.0 = Release|Any CPU
		{E3E69255-E243-44B7-A587-97CD05B1A378}.Release|iPhoneSimulator.ActiveCfg = Release|Any CPU
		{E3E69255-E243-44B7-A587-97CD05B1A378}.Release|iPhoneSimulator.Build.0 = Release|Any CPU
		{E3E69255-E243-44B7-A587-97CD05B1A378}.Release|iPhoneSimulator.Deploy.0 = Release|Any CPU
		{E3E69255-E243-44B7-A587-97CD05B1A378}.Release|x64.ActiveCfg = Release|Any CPU
		{E3E69255-E243-44B7-A587-97CD05B1A378}.Release|x64.Build.0 = Release|Any CPU
		{E3E69255-E243-44B7-A587-97CD05B1A378}.Release|x64.Deploy.0 = Release|Any CPU
		{E3E69255-E243-44B7-A587-97CD05B1A378}.Release|x86.ActiveCfg = Release|Any CPU
		{E3E69255-E243-44B7-A587-97CD05B1A378}.Release|x86.Build.0 = Release|Any CPU
		{E3E69255-E243-44B7-A587-97CD05B1A378}.Release|x86.Deploy.0 = Release|Any CPU
		{76065520-92CD-49D7-9D65-1A4B8959428A}.Ad-Hoc|Any CPU.ActiveCfg = Ad-Hoc|iPhone
		{76065520-92CD-49D7-9D65-1A4B8959428A}.Ad-Hoc|ARM.ActiveCfg = Ad-Hoc|iPhone
		{76065520-92CD-49D7-9D65-1A4B8959428A}.Ad-Hoc|iPhone.ActiveCfg = Ad-Hoc|iPhone
		{76065520-92CD-49D7-9D65-1A4B8959428A}.Ad-Hoc|iPhone.Build.0 = Ad-Hoc|iPhone
		{76065520-92CD-49D7-9D65-1A4B8959428A}.Ad-Hoc|iPhoneSimulator.ActiveCfg = Ad-Hoc|iPhoneSimulator
		{76065520-92CD-49D7-9D65-1A4B8959428A}.Ad-Hoc|iPhoneSimulator.Build.0 = Ad-Hoc|iPhoneSimulator
		{76065520-92CD-49D7-9D65-1A4B8959428A}.Ad-Hoc|x64.ActiveCfg = Ad-Hoc|iPhone
		{76065520-92CD-49D7-9D65-1A4B8959428A}.Ad-Hoc|x86.ActiveCfg = Ad-Hoc|iPhone
		{76065520-92CD-49D7-9D65-1A4B8959428A}.AppStore|Any CPU.ActiveCfg = AppStore|iPhone
		{76065520-92CD-49D7-9D65-1A4B8959428A}.AppStore|ARM.ActiveCfg = AppStore|iPhone
		{76065520-92CD-49D7-9D65-1A4B8959428A}.AppStore|iPhone.ActiveCfg = AppStore|iPhone
		{76065520-92CD-49D7-9D65-1A4B8959428A}.AppStore|iPhone.Build.0 = AppStore|iPhone
		{76065520-92CD-49D7-9D65-1A4B8959428A}.AppStore|iPhoneSimulator.ActiveCfg = AppStore|iPhoneSimulator
		{76065520-92CD-49D7-9D65-1A4B8959428A}.AppStore|iPhoneSimulator.Build.0 = AppStore|iPhoneSimulator
		{76065520-92CD-49D7-9D65-1A4B8959428A}.AppStore|x64.ActiveCfg = AppStore|iPhone
		{76065520-92CD-49D7-9D65-1A4B8959428A}.AppStore|x86.ActiveCfg = AppStore|iPhone
		{76065520-92CD-49D7-9D65-1A4B8959428A}.Debug|Any CPU.ActiveCfg = Debug|iPhone
		{76065520-92CD-49D7-9D65-1A4B8959428A}.Debug|ARM.ActiveCfg = Debug|iPhone
		{76065520-92CD-49D7-9D65-1A4B8959428A}.Debug|iPhone.ActiveCfg = Debug|iPhone
		{76065520-92CD-49D7-9D65-1A4B8959428A}.Debug|iPhone.Build.0 = Debug|iPhone
		{76065520-92CD-49D7-9D65-1A4B8959428A}.Debug|iPhoneSimulator.ActiveCfg = Debug|iPhoneSimulator
		{76065520-92CD-49D7-9D65-1A4B8959428A}.Debug|iPhoneSimulator.Build.0 = Debug|iPhoneSimulator
		{76065520-92CD-49D7-9D65-1A4B8959428A}.Debug|x64.ActiveCfg = Debug|iPhone
		{76065520-92CD-49D7-9D65-1A4B8959428A}.Debug|x86.ActiveCfg = Debug|iPhone
		{76065520-92CD-49D7-9D65-1A4B8959428A}.Release|Any CPU.ActiveCfg = Release|iPhone
		{76065520-92CD-49D7-9D65-1A4B8959428A}.Release|ARM.ActiveCfg = Release|iPhone
		{76065520-92CD-49D7-9D65-1A4B8959428A}.Release|iPhone.ActiveCfg = Release|iPhone
		{76065520-92CD-49D7-9D65-1A4B8959428A}.Release|iPhone.Build.0 = Release|iPhone
		{76065520-92CD-49D7-9D65-1A4B8959428A}.Release|iPhoneSimulator.ActiveCfg = Release|iPhoneSimulator
		{76065520-92CD-49D7-9D65-1A4B8959428A}.Release|iPhoneSimulator.Build.0 = Release|iPhoneSimulator
		{76065520-92CD-49D7-9D65-1A4B8959428A}.Release|x64.ActiveCfg = Release|iPhone
		{76065520-92CD-49D7-9D65-1A4B8959428A}.Release|x86.ActiveCfg = Release|iPhone
		{492C0931-3455-4CB0-8BAC-387BCE093DCC}.Ad-Hoc|Any CPU.ActiveCfg = Release|x86
		{492C0931-3455-4CB0-8BAC-387BCE093DCC}.Ad-Hoc|Any CPU.Build.0 = Release|x86
		{492C0931-3455-4CB0-8BAC-387BCE093DCC}.Ad-Hoc|Any CPU.Deploy.0 = Release|x86
		{492C0931-3455-4CB0-8BAC-387BCE093DCC}.Ad-Hoc|ARM.ActiveCfg = Release|ARM
		{492C0931-3455-4CB0-8BAC-387BCE093DCC}.Ad-Hoc|ARM.Build.0 = Release|ARM
		{492C0931-3455-4CB0-8BAC-387BCE093DCC}.Ad-Hoc|ARM.Deploy.0 = Release|ARM
		{492C0931-3455-4CB0-8BAC-387BCE093DCC}.Ad-Hoc|iPhone.ActiveCfg = Release|x86
		{492C0931-3455-4CB0-8BAC-387BCE093DCC}.Ad-Hoc|iPhone.Build.0 = Release|x86
		{492C0931-3455-4CB0-8BAC-387BCE093DCC}.Ad-Hoc|iPhone.Deploy.0 = Release|x86
		{492C0931-3455-4CB0-8BAC-387BCE093DCC}.Ad-Hoc|iPhoneSimulator.ActiveCfg = Release|x86
		{492C0931-3455-4CB0-8BAC-387BCE093DCC}.Ad-Hoc|iPhoneSimulator.Build.0 = Release|x86
		{492C0931-3455-4CB0-8BAC-387BCE093DCC}.Ad-Hoc|iPhoneSimulator.Deploy.0 = Release|x86
		{492C0931-3455-4CB0-8BAC-387BCE093DCC}.Ad-Hoc|x64.ActiveCfg = Release|x64
		{492C0931-3455-4CB0-8BAC-387BCE093DCC}.Ad-Hoc|x64.Build.0 = Release|x64
		{492C0931-3455-4CB0-8BAC-387BCE093DCC}.Ad-Hoc|x64.Deploy.0 = Release|x64
		{492C0931-3455-4CB0-8BAC-387BCE093DCC}.Ad-Hoc|x86.ActiveCfg = Release|x86
		{492C0931-3455-4CB0-8BAC-387BCE093DCC}.Ad-Hoc|x86.Build.0 = Release|x86
		{492C0931-3455-4CB0-8BAC-387BCE093DCC}.Ad-Hoc|x86.Deploy.0 = Release|x86
		{492C0931-3455-4CB0-8BAC-387BCE093DCC}.AppStore|Any CPU.ActiveCfg = Release|x86
		{492C0931-3455-4CB0-8BAC-387BCE093DCC}.AppStore|Any CPU.Build.0 = Release|x86
		{492C0931-3455-4CB0-8BAC-387BCE093DCC}.AppStore|Any CPU.Deploy.0 = Release|x86
		{492C0931-3455-4CB0-8BAC-387BCE093DCC}.AppStore|ARM.ActiveCfg = Release|ARM
		{492C0931-3455-4CB0-8BAC-387BCE093DCC}.AppStore|ARM.Build.0 = Release|ARM
		{492C0931-3455-4CB0-8BAC-387BCE093DCC}.AppStore|ARM.Deploy.0 = Release|ARM
		{492C0931-3455-4CB0-8BAC-387BCE093DCC}.AppStore|iPhone.ActiveCfg = Release|x86
		{492C0931-3455-4CB0-8BAC-387BCE093DCC}.AppStore|iPhone.Build.0 = Release|x86
		{492C0931-3455-4CB0-8BAC-387BCE093DCC}.AppStore|iPhone.Deploy.0 = Release|x86
		{492C0931-3455-4CB0-8BAC-387BCE093DCC}.AppStore|iPhoneSimulator.ActiveCfg = Release|x86
		{492C0931-3455-4CB0-8BAC-387BCE093DCC}.AppStore|iPhoneSimulator.Build.0 = Release|x86
		{492C0931-3455-4CB0-8BAC-387BCE093DCC}.AppStore|iPhoneSimulator.Deploy.0 = Release|x86
		{492C0931-3455-4CB0-8BAC-387BCE093DCC}.AppStore|x64.ActiveCfg = Release|x64
		{492C0931-3455-4CB0-8BAC-387BCE093DCC}.AppStore|x64.Build.0 = Release|x64
		{492C0931-3455-4CB0-8BAC-387BCE093DCC}.AppStore|x64.Deploy.0 = Release|x64
		{492C0931-3455-4CB0-8BAC-387BCE093DCC}.AppStore|x86.ActiveCfg = Release|x86
		{492C0931-3455-4CB0-8BAC-387BCE093DCC}.AppStore|x86.Build.0 = Release|x86
		{492C0931-3455-4CB0-8BAC-387BCE093DCC}.AppStore|x86.Deploy.0 = Release|x86
		{492C0931-3455-4CB0-8BAC-387BCE093DCC}.Debug|Any CPU.ActiveCfg = Debug|x86
		{492C0931-3455-4CB0-8BAC-387BCE093DCC}.Debug|ARM.ActiveCfg = Debug|ARM
		{492C0931-3455-4CB0-8BAC-387BCE093DCC}.Debug|ARM.Build.0 = Debug|ARM
		{492C0931-3455-4CB0-8BAC-387BCE093DCC}.Debug|ARM.Deploy.0 = Debug|ARM
		{492C0931-3455-4CB0-8BAC-387BCE093DCC}.Debug|iPhone.ActiveCfg = Debug|x86
		{492C0931-3455-4CB0-8BAC-387BCE093DCC}.Debug|iPhoneSimulator.ActiveCfg = Debug|x86
		{492C0931-3455-4CB0-8BAC-387BCE093DCC}.Debug|x64.ActiveCfg = Debug|x64
		{492C0931-3455-4CB0-8BAC-387BCE093DCC}.Debug|x64.Build.0 = Debug|x64
		{492C0931-3455-4CB0-8BAC-387BCE093DCC}.Debug|x64.Deploy.0 = Debug|x64
		{492C0931-3455-4CB0-8BAC-387BCE093DCC}.Debug|x86.ActiveCfg = Debug|x86
		{492C0931-3455-4CB0-8BAC-387BCE093DCC}.Debug|x86.Build.0 = Debug|x86
		{492C0931-3455-4CB0-8BAC-387BCE093DCC}.Debug|x86.Deploy.0 = Debug|x86
		{492C0931-3455-4CB0-8BAC-387BCE093DCC}.Release|Any CPU.ActiveCfg = Release|x86
		{492C0931-3455-4CB0-8BAC-387BCE093DCC}.Release|ARM.ActiveCfg = Release|ARM
		{492C0931-3455-4CB0-8BAC-387BCE093DCC}.Release|ARM.Build.0 = Release|ARM
		{492C0931-3455-4CB0-8BAC-387BCE093DCC}.Release|ARM.Deploy.0 = Release|ARM
		{492C0931-3455-4CB0-8BAC-387BCE093DCC}.Release|iPhone.ActiveCfg = Release|x86
		{492C0931-3455-4CB0-8BAC-387BCE093DCC}.Release|iPhoneSimulator.ActiveCfg = Release|x86
		{492C0931-3455-4CB0-8BAC-387BCE093DCC}.Release|x64.ActiveCfg = Release|x64
		{492C0931-3455-4CB0-8BAC-387BCE093DCC}.Release|x64.Build.0 = Release|x64
		{492C0931-3455-4CB0-8BAC-387BCE093DCC}.Release|x64.Deploy.0 = Release|x64
		{492C0931-3455-4CB0-8BAC-387BCE093DCC}.Release|x86.ActiveCfg = Release|x86
		{492C0931-3455-4CB0-8BAC-387BCE093DCC}.Release|x86.Build.0 = Release|x86
		{492C0931-3455-4CB0-8BAC-387BCE093DCC}.Release|x86.Deploy.0 = Release|x86
		{4F2E50D0-5E66-4F1B-AE45-D7FE8B44D2F1}.Ad-Hoc|Any CPU.ActiveCfg = Debug|Any CPU
		{4F2E50D0-5E66-4F1B-AE45-D7FE8B44D2F1}.Ad-Hoc|Any CPU.Build.0 = Debug|Any CPU
		{4F2E50D0-5E66-4F1B-AE45-D7FE8B44D2F1}.Ad-Hoc|ARM.ActiveCfg = Debug|Any CPU
		{4F2E50D0-5E66-4F1B-AE45-D7FE8B44D2F1}.Ad-Hoc|ARM.Build.0 = Debug|Any CPU
		{4F2E50D0-5E66-4F1B-AE45-D7FE8B44D2F1}.Ad-Hoc|iPhone.ActiveCfg = Debug|Any CPU
		{4F2E50D0-5E66-4F1B-AE45-D7FE8B44D2F1}.Ad-Hoc|iPhone.Build.0 = Debug|Any CPU
		{4F2E50D0-5E66-4F1B-AE45-D7FE8B44D2F1}.Ad-Hoc|iPhoneSimulator.ActiveCfg = Debug|Any CPU
		{4F2E50D0-5E66-4F1B-AE45-D7FE8B44D2F1}.Ad-Hoc|iPhoneSimulator.Build.0 = Debug|Any CPU
		{4F2E50D0-5E66-4F1B-AE45-D7FE8B44D2F1}.Ad-Hoc|x64.ActiveCfg = Debug|Any CPU
		{4F2E50D0-5E66-4F1B-AE45-D7FE8B44D2F1}.Ad-Hoc|x64.Build.0 = Debug|Any CPU
		{4F2E50D0-5E66-4F1B-AE45-D7FE8B44D2F1}.Ad-Hoc|x86.ActiveCfg = Debug|Any CPU
		{4F2E50D0-5E66-4F1B-AE45-D7FE8B44D2F1}.Ad-Hoc|x86.Build.0 = Debug|Any CPU
		{4F2E50D0-5E66-4F1B-AE45-D7FE8B44D2F1}.AppStore|Any CPU.ActiveCfg = Debug|Any CPU
		{4F2E50D0-5E66-4F1B-AE45-D7FE8B44D2F1}.AppStore|Any CPU.Build.0 = Debug|Any CPU
		{4F2E50D0-5E66-4F1B-AE45-D7FE8B44D2F1}.AppStore|ARM.ActiveCfg = Debug|Any CPU
		{4F2E50D0-5E66-4F1B-AE45-D7FE8B44D2F1}.AppStore|ARM.Build.0 = Debug|Any CPU
		{4F2E50D0-5E66-4F1B-AE45-D7FE8B44D2F1}.AppStore|iPhone.ActiveCfg = Debug|Any CPU
		{4F2E50D0-5E66-4F1B-AE45-D7FE8B44D2F1}.AppStore|iPhone.Build.0 = Debug|Any CPU
		{4F2E50D0-5E66-4F1B-AE45-D7FE8B44D2F1}.AppStore|iPhoneSimulator.ActiveCfg = Debug|Any CPU
		{4F2E50D0-5E66-4F1B-AE45-D7FE8B44D2F1}.AppStore|iPhoneSimulator.Build.0 = Debug|Any CPU
		{4F2E50D0-5E66-4F1B-AE45-D7FE8B44D2F1}.AppStore|x64.ActiveCfg = Debug|Any CPU
		{4F2E50D0-5E66-4F1B-AE45-D7FE8B44D2F1}.AppStore|x64.Build.0 = Debug|Any CPU
		{4F2E50D0-5E66-4F1B-AE45-D7FE8B44D2F1}.AppStore|x86.ActiveCfg = Debug|Any CPU
		{4F2E50D0-5E66-4F1B-AE45-D7FE8B44D2F1}.AppStore|x86.Build.0 = Debug|Any CPU
		{4F2E50D0-5E66-4F1B-AE45-D7FE8B44D2F1}.Debug|Any CPU.ActiveCfg = Debug|Any CPU
		{4F2E50D0-5E66-4F1B-AE45-D7FE8B44D2F1}.Debug|Any CPU.Build.0 = Debug|Any CPU
		{4F2E50D0-5E66-4F1B-AE45-D7FE8B44D2F1}.Debug|ARM.ActiveCfg = Debug|Any CPU
		{4F2E50D0-5E66-4F1B-AE45-D7FE8B44D2F1}.Debug|ARM.Build.0 = Debug|Any CPU
		{4F2E50D0-5E66-4F1B-AE45-D7FE8B44D2F1}.Debug|iPhone.ActiveCfg = Debug|Any CPU
		{4F2E50D0-5E66-4F1B-AE45-D7FE8B44D2F1}.Debug|iPhone.Build.0 = Debug|Any CPU
		{4F2E50D0-5E66-4F1B-AE45-D7FE8B44D2F1}.Debug|iPhoneSimulator.ActiveCfg = Debug|Any CPU
		{4F2E50D0-5E66-4F1B-AE45-D7FE8B44D2F1}.Debug|iPhoneSimulator.Build.0 = Debug|Any CPU
		{4F2E50D0-5E66-4F1B-AE45-D7FE8B44D2F1}.Debug|x64.ActiveCfg = Debug|Any CPU
		{4F2E50D0-5E66-4F1B-AE45-D7FE8B44D2F1}.Debug|x64.Build.0 = Debug|Any CPU
		{4F2E50D0-5E66-4F1B-AE45-D7FE8B44D2F1}.Debug|x86.ActiveCfg = Debug|Any CPU
		{4F2E50D0-5E66-4F1B-AE45-D7FE8B44D2F1}.Debug|x86.Build.0 = Debug|Any CPU
		{4F2E50D0-5E66-4F1B-AE45-D7FE8B44D2F1}.Release|Any CPU.ActiveCfg = Release|Any CPU
		{4F2E50D0-5E66-4F1B-AE45-D7FE8B44D2F1}.Release|Any CPU.Build.0 = Release|Any CPU
		{4F2E50D0-5E66-4F1B-AE45-D7FE8B44D2F1}.Release|ARM.ActiveCfg = Release|Any CPU
		{4F2E50D0-5E66-4F1B-AE45-D7FE8B44D2F1}.Release|ARM.Build.0 = Release|Any CPU
		{4F2E50D0-5E66-4F1B-AE45-D7FE8B44D2F1}.Release|iPhone.ActiveCfg = Release|Any CPU
		{4F2E50D0-5E66-4F1B-AE45-D7FE8B44D2F1}.Release|iPhone.Build.0 = Release|Any CPU
		{4F2E50D0-5E66-4F1B-AE45-D7FE8B44D2F1}.Release|iPhoneSimulator.ActiveCfg = Release|Any CPU
		{4F2E50D0-5E66-4F1B-AE45-D7FE8B44D2F1}.Release|iPhoneSimulator.Build.0 = Release|Any CPU
		{4F2E50D0-5E66-4F1B-AE45-D7FE8B44D2F1}.Release|x64.ActiveCfg = Release|Any CPU
		{4F2E50D0-5E66-4F1B-AE45-D7FE8B44D2F1}.Release|x64.Build.0 = Release|Any CPU
		{4F2E50D0-5E66-4F1B-AE45-D7FE8B44D2F1}.Release|x86.ActiveCfg = Release|Any CPU
		{4F2E50D0-5E66-4F1B-AE45-D7FE8B44D2F1}.Release|x86.Build.0 = Release|Any CPU
	EndGlobalSection
	GlobalSection(SolutionProperties) = preSolution
		HideSolutionNode = FALSE
	EndGlobalSection
	GlobalSection(ExtensibilityGlobals) = postSolution
		SolutionGuid = {1147F91C-CE8E-49C1-A506-C2F23E8E006A}
	EndGlobalSection
EndGlobal
